{
  "nodes": {
    "flake-utils": {
      "locked": {
        "lastModified": 1667395993,
        "narHash": "sha256-nuEHfE/LcWyuSWnS8t12N1wc105Qtau+/OdUAjtQ0rA=",
        "owner": "numtide",
        "repo": "flake-utils",
        "rev": "5aed5285a952e0b949eb3ba02c12fa4fcfef535f",
        "type": "github"
      },
      "original": {
        "owner": "numtide",
        "repo": "flake-utils",
        "type": "github"
      }
    },
    "nixpkgs": {
      "locked": {
        "lastModified": 1672080458,
        "narHash": "sha256-Ukjn8YUwZevxDPaVUmTx2sf9bCcIJSasmLz+xjGBKrs=",
        "owner": "NixOS",
        "repo": "nixpkgs",
        "rev": "1eb875e811dd59e21e77f6337f2c1592889b48b3",
        "type": "github"
      },
      "original": {
        "owner": "NixOS",
        "ref": "nixos-unstable",
        "repo": "nixpkgs",
        "type": "github"
      }
    },
    "nixpkgs_2": {
      "locked": {
        "lastModified": 1671722432,
        "narHash": "sha256-ojcZUekIQeOZkHHzR81st7qxX99dB1Eaaq6PU5MNeKc=",
        "owner": "NixOS",
        "repo": "nixpkgs",
        "rev": "652e92b8064949a11bc193b90b74cb727f2a1405",
        "type": "github"
      },
      "original": {
        "id": "nixpkgs",
        "ref": "nixos-unstable",
        "type": "indirect"
      }
    },
    "root": {
      "inputs": {
        "flake-utils": "flake-utils",
        "nixpkgs": "nixpkgs",
        "yotta": "yotta",
        "ytDepBleApi": "ytDepBleApi",
        "ytDepMbedClassic": "ytDepMbedClassic",
        "ytDepMicrobit": "ytDepMicrobit",
        "ytDepMicrobitDal": "ytDepMicrobitDal",
        "ytDepNrf51822": "ytDepNrf51822",
        "ytDepNrf51Sdk": "ytDepNrf51Sdk",
        "ytTargetMbed": "ytTargetMbed",
        "ytTargetMicrobit": "ytTargetMicrobit"
      }
    },
    "utils": {
      "locked": {
        "lastModified": 1667395993,
        "narHash": "sha256-nuEHfE/LcWyuSWnS8t12N1wc105Qtau+/OdUAjtQ0rA=",
        "owner": "numtide",
        "repo": "flake-utils",
        "rev": "5aed5285a952e0b949eb3ba02c12fa4fcfef535f",
        "type": "github"
      },
      "original": {
        "owner": "numtide",
        "repo": "flake-utils",
        "type": "github"
      }
    },
    "yotta": {
      "inputs": {
        "nixpkgs": "nixpkgs_2",
        "utils": "utils",
        "yottaSrc": "yottaSrc"
      },
      "locked": {
        "dir": "nix",
        "lastModified": 1672057296,
        "narHash": "sha256-Xg3acIViuF0ncr8CTSMhOnZ/n7OOlwUnh0rY4MpdvzA=",
        "owner": "joxcat",
        "repo": "yotta",
        "rev": "42dca60d67e4a18f806385a8a93ed2b92fbe8654",
        "type": "github"
      },
      "original": {
        "dir": "nix",
        "owner": "joxcat",
        "repo": "yotta",
        "type": "github"
      }
    },
    "yottaSrc": {
      "flake": false,
      "locked": {
        "lastModified": 1610718587,
        "narHash": "sha256-xvMVw0aD8qLkwkT63u2s5QDecKY5DAQdGUw/0jF0DMY=",
        "owner": "joxcat",
        "repo": "yotta",
        "rev": "82d854b43d391abb5a006b05e7beffe7d0d6ffbf",
        "type": "github"
      },
      "original": {
        "owner": "joxcat",
        "repo": "yotta",
        "rev": "82d854b43d391abb5a006b05e7beffe7d0d6ffbf",
        "type": "github"
      }
    },
    "ytDepBleApi": {
      "flake": false,
      "locked": {
        "lastModified": 1657192128,
        "narHash": "sha256-smT3fU0BjjusZrDxBup9HFKhr2PzCtEx5+bKcjqGVN0=",
        "ref": "refs/tags/v2.5.0+mb4",
        "rev": "d0cdccde995a805d77f75373c681096e9ca4d3b8",
        "revCount": 998,
        "type": "git",
        "url": "https://git.mob-dev.fr/Schoumi/BLE_API.git"
      },
      "original": {
        "ref": "refs/tags/v2.5.0+mb4",
        "type": "git",
        "url": "https://git.mob-dev.fr/Schoumi/BLE_API.git"
      }
    },
    "ytDepMbedClassic": {
      "flake": false,
      "locked": {
        "lastModified": 1477320965,
        "narHash": "sha256-Urhqix887v29D1GKoBeGonyrQTkvI2mPwd1uZe1d8ZM=",
        "ref": "refs/tags/microbit_hfclk+mb6",
        "rev": "03f4fbc2530071f145b2eb11a7651c93e6dc15e4",
        "revCount": 10,
        "type": "git",
        "url": "https://git.mob-dev.fr/Schoumi/mbed-classic.git"
      },
      "original": {
        "ref": "refs/tags/microbit_hfclk+mb6",
        "type": "git",
        "url": "https://git.mob-dev.fr/Schoumi/mbed-classic.git"
      }
    },
    "ytDepMicrobit": {
      "flake": false,
      "locked": {
        "lastModified": 1670575403,
        "narHash": "sha256-IQEfTpG9xlLyBDnx/A1xSJ9qYUMEfwx9Ia3zIU2VDLM=",
        "ref": "refs/tags/v2.2.0-rc8",
        "rev": "8f3d078b47507c8aa6fde0abd5c7748c44318b71",
        "revCount": 76,
        "type": "git",
        "url": "https://git.mob-dev.fr/Schoumi/microbit.git"
      },
      "original": {
        "ref": "refs/tags/v2.2.0-rc8",
        "type": "git",
        "url": "https://git.mob-dev.fr/Schoumi/microbit.git"
      }
    },
    "ytDepMicrobitDal": {
      "flake": false,
      "locked": {
        "lastModified": 1670854669,
        "narHash": "sha256-EtjStxVXEW3sjW6lInG+IOKM/N4RNRpm1LkdBsCQCKY=",
        "ref": "refs/tags/v2.2.0-rc8",
        "rev": "a02a678f81a5428f0a25e2aa5c9026a150a789b3",
        "revCount": 756,
        "type": "git",
        "url": "https://git.mob-dev.fr/Schoumi/microbit-dal.git"
      },
      "original": {
        "ref": "refs/tags/v2.2.0-rc8",
        "type": "git",
        "url": "https://git.mob-dev.fr/Schoumi/microbit-dal.git"
      }
    },
    "ytDepNrf51822": {
      "flake": false,
      "locked": {
        "lastModified": 1488387208,
        "narHash": "sha256-LBnx8QyhhabUl8EbbforqavYIytTP5fjEICjb3wg2qU=",
        "ref": "refs/tags/v2.5.0+mb7",
        "rev": "040baa12c08b439f9a09f0c1594ac625e58e2ad1",
        "revCount": 652,
        "type": "git",
        "url": "https://git.mob-dev.fr/Schoumi/nrf51822.git"
      },
      "original": {
        "ref": "refs/tags/v2.5.0+mb7",
        "type": "git",
        "url": "https://git.mob-dev.fr/Schoumi/nrf51822.git"
      }
    },
    "ytDepNrf51Sdk": {
      "flake": false,
      "locked": {
        "lastModified": 1460111603,
        "narHash": "sha256-LbJ3cE3pivNupRf5jauooFD7wmegDANl8xZrkvGetZ0=",
        "ref": "refs/tags/v2.2.0+mb4",
        "rev": "85dd2e7af27edb11b056efcda34a76cf8757ef47",
        "revCount": 70,
        "type": "git",
        "url": "https://git.mob-dev.fr/Schoumi/nrf51-sdk.git"
      },
      "original": {
        "ref": "refs/tags/v2.2.0+mb4",
        "type": "git",
        "url": "https://git.mob-dev.fr/Schoumi/nrf51-sdk.git"
      }
    },
    "ytTargetMbed": {
      "flake": false,
      "locked": {
        "lastModified": 1657298887,
        "narHash": "sha256-IlgSzAGUbg/6Z3srYJnXZT6qHeCg4Lo6S4fXNyj8B9U=",
        "ref": "refs/tags/v0.1.5",
        "rev": "3df9a788624f3076379d000b52b475da5a8cdeb9",
        "revCount": 61,
        "type": "git",
        "url": "https://git.mob-dev.fr/Schoumi/target-mbed-gcc.git"
      },
      "original": {
        "ref": "refs/tags/v0.1.5",
        "type": "git",
        "url": "https://git.mob-dev.fr/Schoumi/target-mbed-gcc.git"
      }
    },
    "ytTargetMicrobit": {
      "flake": false,
      "locked": {
        "lastModified": 1657299001,
        "narHash": "sha256-7jKBDlOMDdt9ROacOr94bNF0Ma941dIa/1rCVWzGyHY=",
        "ref": "refs/tags/v0.2.3",
        "rev": "4af5ee18673178a94c43091ea71888dcb532dbf4",
        "revCount": 4,
        "type": "git",
        "url": "https://git.mob-dev.fr/Schoumi/yotta-target-bbc-microbit-classic-gcc.git"
      },
      "original": {
        "ref": "refs/tags/v0.2.3",
        "type": "git",
        "url": "https://git.mob-dev.fr/Schoumi/yotta-target-bbc-microbit-classic-gcc.git"
      }
    }
  },
  "root": "root",
  "version": 7
}
